
Microsoft Visual Studio Solution File, Format Version 12.00
# Visual Studio Version 16
VisualStudioVersion = 16.0.30621.155
MinimumVisualStudioVersion = 10.0.40219.1
Project("{FAE04EC0-301F-11D3-BF4B-00C04F79EFBC}") = "TestCsharp", "TestCsharp.csproj", "{4C728B2B-914B-4214-97AE-A9330C135E29}"
EndProject
Global
	GlobalSection(SolutionConfigurationPlatforms) = preSolution
		Debug|Any CPU = Debug|Any CPU
		Release|Any CPU = Release|Any CPU
	EndGlobalSection
	GlobalSection(ProjectConfigurationPlatforms) = postSolution
		{4C728B2B-914B-4214-97AE-A9330C135E29}.Debug|Any CPU.ActiveCfg = Debug|Any CPU
		{4C728B2B-914B-4214-97AE-A9330C135E29}.Debug|Any CPU.Build.0 = Debug|Any CPU
		{4C728B2B-914B-4214-97AE-A9330C135E29}.Release|Any CPU.ActiveCfg = Release|Any CPU
		{4C728B2B-914B-4214-97AE-A9330C135E29}.Release|Any CPU.Build.0 = Release|Any CPU
	EndGlobalSection
	GlobalSection(SolutionProperties) = preSolution
		HideSolutionNode = FALSE
	EndGlobalSection
	GlobalSection(ExtensibilityGlobals) = postSolution
		SolutionGuid = {748151DF-3706-478D-A111-1FCB004DBE81}
	EndGlobalSection
EndGlobal
